
Microsoft Visual Studio Solution File, Format Version 12.00
# Visual Studio Version 17
VisualStudioVersion = 17.14.36401.2 d17.14
MinimumVisualStudioVersion = 10.0.40219.1
Project("{FAE04EC0-301F-11D3-BF4B-00C04F79EFBC}") = "PictoIMS.API", "PictoIMS.API.csproj", "{FBC70C54-9B9B-E46D-8CA9-F03E47F94D43}"
EndProject
Global
	GlobalSection(SolutionConfigurationPlatforms) = preSolution
		Debug|Any CPU = Debug|Any CPU
		Release|Any CPU = Release|Any CPU
	EndGlobalSection
	GlobalSection(ProjectConfigurationPlatforms) = postSolution
		{FBC70C54-9B9B-E46D-8CA9-F03E47F94D43}.Debug|Any CPU.ActiveCfg = Debug|Any CPU
		{FBC70C54-9B9B-E46D-8CA9-F03E47F94D43}.Debug|Any CPU.Build.0 = Debug|Any CPU
		{FBC70C54-9B9B-E46D-8CA9-F03E47F94D43}.Release|Any CPU.ActiveCfg = Release|Any CPU
		{FBC70C54-9B9B-E46D-8CA9-F03E47F94D43}.Release|Any CPU.Build.0 = Release|Any CPU
	EndGlobalSection
	GlobalSection(SolutionProperties) = preSolution
		HideSolutionNode = FALSE
	EndGlobalSection
	GlobalSection(ExtensibilityGlobals) = postSolution
		SolutionGuid = {26B4C318-C072-42A6-B401-A3D3E48A14AB}
	EndGlobalSection
EndGlobal
